
Microsoft Visual Studio Solution File, Format Version 12.00
# Visual Studio Version 17
VisualStudioVersion = 17.6.33712.159
MinimumVisualStudioVersion = 10.0.40219.1
Project("{888888A0-9F3D-457C-B088-3A5042F75D52}") = "NZoneScoreboard", "NZoneScoreboard.pyproj", "{2924796A-91C8-4FCB-9F64-FFFF1CE0D048}"
EndProject
Global
	GlobalSection(SolutionConfigurationPlatforms) = preSolution
		Debug|Any CPU = Debug|Any CPU
		Release|Any CPU = Release|Any CPU
	EndGlobalSection
	GlobalSection(ProjectConfigurationPlatforms) = postSolution
		{2924796A-91C8-4FCB-9F64-FFFF1CE0D048}.Debug|Any CPU.ActiveCfg = Debug|Any CPU
		{2924796A-91C8-4FCB-9F64-FFFF1CE0D048}.Debug|Any CPU.Build.0 = Debug|Any CPU
		{2924796A-91C8-4FCB-9F64-FFFF1CE0D048}.Release|Any CPU.ActiveCfg = Release|Any CPU
		{2924796A-91C8-4FCB-9F64-FFFF1CE0D048}.Release|Any CPU.Build.0 = Release|Any CPU
	EndGlobalSection
	GlobalSection(SolutionProperties) = preSolution
		HideSolutionNode = FALSE
	EndGlobalSection
	GlobalSection(ExtensibilityGlobals) = postSolution
		SolutionGuid = {853A1670-7343-4DF1-BC34-8591055FCDA9}
	EndGlobalSection
EndGlobal
